<?xml version="1.0" encoding="utf-8"?>
<Project ToolsVersion="16.0" xmlns="http://schemas.microsoft.com/developer/msbuild/2003">
  <ItemGroup>
    <ClCompile Include="C:\Users\francesco\Documents\VulkanProjects\vkWarp\simple.cpp">
      <Filter>Source Files</Filter>
    </ClCompile>
  </ItemGroup>
  <ItemGroup>
    <CustomBuild Include="C:\Users\francesco\Documents\VulkanProjects\vkWarp\CMakeLists.txt" />
  </ItemGroup>
  <ItemGroup>
    <Filter Include="Source Files">
      <UniqueIdentifier>{9B8D6673-D2DA-3511-93A0-D050348084FC}</UniqueIdentifier>
    </Filter>
  </ItemGroup>
</Project>
