Microsoft Visual Studio Solution File, Format Version 12.00
# Visual Studio 16
Project("{8BC9CEB8-8B4A-11D0-8D11-00A0C91BC942}") = "ALL_BUILD", "ALL_BUILD.vcxproj", "{D2397930-94B8-3979-8231-4CF93ADD548E}"
	ProjectSection(ProjectDependencies) = postProject
		{F50B8753-A56B-3B53-844F-860171A97F48} = {F50B8753-A56B-3B53-844F-860171A97F48}
		{1D612D44-0138-3858-B2BB-46D66C5AED6A} = {1D612D44-0138-3858-B2BB-46D66C5AED6A}
		{0AAC9751-E9F5-363E-995F-5793FDA353BA} = {0AAC9751-E9F5-363E-995F-5793FDA353BA}
	EndProjectSection
EndProject
Project("{8BC9CEB8-8B4A-11D0-8D11-00A0C91BC942}") = "ZERO_CHECK", "ZERO_CHECK.vcxproj", "{F50B8753-A56B-3B53-844F-860171A97F48}"
	ProjectSection(ProjectDependencies) = postProject
	EndProjectSection
EndProject
Project("{8BC9CEB8-8B4A-11D0-8D11-00A0C91BC942}") = "libs", "libs\libs.vcxproj", "{1D612D44-0138-3858-B2BB-46D66C5AED6A}"
	ProjectSection(ProjectDependencies) = postProject
		{F50B8753-A56B-3B53-844F-860171A97F48} = {F50B8753-A56B-3B53-844F-860171A97F48}
	EndProjectSection
EndProject
Project("{8BC9CEB8-8B4A-11D0-8D11-00A0C91BC942}") = "vkWarp", "vkWarp.vcxproj", "{0AAC9751-E9F5-363E-995F-5793FDA353BA}"
	ProjectSection(ProjectDependencies) = postProject
		{F50B8753-A56B-3B53-844F-860171A97F48} = {F50B8753-A56B-3B53-844F-860171A97F48}
		{1D612D44-0138-3858-B2BB-46D66C5AED6A} = {1D612D44-0138-3858-B2BB-46D66C5AED6A}
	EndProjectSection
EndProject
Global
	GlobalSection(SolutionConfigurationPlatforms) = preSolution
		Debug|x64 = Debug|x64
		Release|x64 = Release|x64
		MinSizeRel|x64 = MinSizeRel|x64
		RelWithDebInfo|x64 = RelWithDebInfo|x64
	EndGlobalSection
	GlobalSection(ProjectConfigurationPlatforms) = postSolution
		{D2397930-94B8-3979-8231-4CF93ADD548E}.Debug|x64.ActiveCfg = Debug|x64
		{D2397930-94B8-3979-8231-4CF93ADD548E}.Release|x64.ActiveCfg = Release|x64
		{D2397930-94B8-3979-8231-4CF93ADD548E}.MinSizeRel|x64.ActiveCfg = MinSizeRel|x64
		{D2397930-94B8-3979-8231-4CF93ADD548E}.RelWithDebInfo|x64.ActiveCfg = RelWithDebInfo|x64
		{F50B8753-A56B-3B53-844F-860171A97F48}.Debug|x64.ActiveCfg = Debug|x64
		{F50B8753-A56B-3B53-844F-860171A97F48}.Debug|x64.Build.0 = Debug|x64
		{F50B8753-A56B-3B53-844F-860171A97F48}.Release|x64.ActiveCfg = Release|x64
		{F50B8753-A56B-3B53-844F-860171A97F48}.Release|x64.Build.0 = Release|x64
		{F50B8753-A56B-3B53-844F-860171A97F48}.MinSizeRel|x64.ActiveCfg = MinSizeRel|x64
		{F50B8753-A56B-3B53-844F-860171A97F48}.MinSizeRel|x64.Build.0 = MinSizeRel|x64
		{F50B8753-A56B-3B53-844F-860171A97F48}.RelWithDebInfo|x64.ActiveCfg = RelWithDebInfo|x64
		{F50B8753-A56B-3B53-844F-860171A97F48}.RelWithDebInfo|x64.Build.0 = RelWithDebInfo|x64
		{1D612D44-0138-3858-B2BB-46D66C5AED6A}.Debug|x64.ActiveCfg = Debug|x64
		{1D612D44-0138-3858-B2BB-46D66C5AED6A}.Debug|x64.Build.0 = Debug|x64
		{1D612D44-0138-3858-B2BB-46D66C5AED6A}.Release|x64.ActiveCfg = Release|x64
		{1D612D44-0138-3858-B2BB-46D66C5AED6A}.Release|x64.Build.0 = Release|x64
		{1D612D44-0138-3858-B2BB-46D66C5AED6A}.MinSizeRel|x64.ActiveCfg = MinSizeRel|x64
		{1D612D44-0138-3858-B2BB-46D66C5AED6A}.MinSizeRel|x64.Build.0 = MinSizeRel|x64
		{1D612D44-0138-3858-B2BB-46D66C5AED6A}.RelWithDebInfo|x64.ActiveCfg = RelWithDebInfo|x64
		{1D612D44-0138-3858-B2BB-46D66C5AED6A}.RelWithDebInfo|x64.Build.0 = RelWithDebInfo|x64
		{0AAC9751-E9F5-363E-995F-5793FDA353BA}.Debug|x64.ActiveCfg = Debug|x64
		{0AAC9751-E9F5-363E-995F-5793FDA353BA}.Debug|x64.Build.0 = Debug|x64
		{0AAC9751-E9F5-363E-995F-5793FDA353BA}.Release|x64.ActiveCfg = Release|x64
		{0AAC9751-E9F5-363E-995F-5793FDA353BA}.Release|x64.Build.0 = Release|x64
		{0AAC9751-E9F5-363E-995F-5793FDA353BA}.MinSizeRel|x64.ActiveCfg = MinSizeRel|x64
		{0AAC9751-E9F5-363E-995F-5793FDA353BA}.MinSizeRel|x64.Build.0 = MinSizeRel|x64
		{0AAC9751-E9F5-363E-995F-5793FDA353BA}.RelWithDebInfo|x64.ActiveCfg = RelWithDebInfo|x64
		{0AAC9751-E9F5-363E-995F-5793FDA353BA}.RelWithDebInfo|x64.Build.0 = RelWithDebInfo|x64
	EndGlobalSection
	GlobalSection(ExtensibilityGlobals) = postSolution
		SolutionGuid = {B1A257CB-CC4D-3C08-9EC8-7F3D17A352DB}
	EndGlobalSection
	GlobalSection(ExtensibilityAddIns) = postSolution
	EndGlobalSection
EndGlobal
