Microsoft Visual Studio Solution File, Format Version 12.00
# Visual Studio 16
Project("{8BC9CEB8-8B4A-11D0-8D11-00A0C91BC942}") = "ALL_BUILD", "ALL_BUILD.vcxproj", "{5AA103F2-A024-357A-9806-BD28809130EC}"
	ProjectSection(ProjectDependencies) = postProject
		{708EBF3F-2A06-37F9-9790-C33D8906CCCC} = {708EBF3F-2A06-37F9-9790-C33D8906CCCC}
		{6B41B8A4-0001-34D7-864C-DA38F30E6636} = {6B41B8A4-0001-34D7-864C-DA38F30E6636}
		{C70AD590-C4CA-33B5-8BC0-6547B294421A} = {C70AD590-C4CA-33B5-8BC0-6547B294421A}
	EndProjectSection
EndProject
Project("{8BC9CEB8-8B4A-11D0-8D11-00A0C91BC942}") = "ZERO_CHECK", "ZERO_CHECK.vcxproj", "{708EBF3F-2A06-37F9-9790-C33D8906CCCC}"
	ProjectSection(ProjectDependencies) = postProject
	EndProjectSection
EndProject
Project("{8BC9CEB8-8B4A-11D0-8D11-00A0C91BC942}") = "libs", "libs\libs.vcxproj", "{6B41B8A4-0001-34D7-864C-DA38F30E6636}"
	ProjectSection(ProjectDependencies) = postProject
		{708EBF3F-2A06-37F9-9790-C33D8906CCCC} = {708EBF3F-2A06-37F9-9790-C33D8906CCCC}
	EndProjectSection
EndProject
Project("{8BC9CEB8-8B4A-11D0-8D11-00A0C91BC942}") = "vkWarp", "vkWarp.vcxproj", "{C70AD590-C4CA-33B5-8BC0-6547B294421A}"
	ProjectSection(ProjectDependencies) = postProject
		{708EBF3F-2A06-37F9-9790-C33D8906CCCC} = {708EBF3F-2A06-37F9-9790-C33D8906CCCC}
		{6B41B8A4-0001-34D7-864C-DA38F30E6636} = {6B41B8A4-0001-34D7-864C-DA38F30E6636}
	EndProjectSection
EndProject
Global
	GlobalSection(SolutionConfigurationPlatforms) = preSolution
		Debug|x64 = Debug|x64
		Release|x64 = Release|x64
		MinSizeRel|x64 = MinSizeRel|x64
		RelWithDebInfo|x64 = RelWithDebInfo|x64
	EndGlobalSection
	GlobalSection(ProjectConfigurationPlatforms) = postSolution
		{5AA103F2-A024-357A-9806-BD28809130EC}.Debug|x64.ActiveCfg = Debug|x64
		{5AA103F2-A024-357A-9806-BD28809130EC}.Release|x64.ActiveCfg = Release|x64
		{5AA103F2-A024-357A-9806-BD28809130EC}.MinSizeRel|x64.ActiveCfg = MinSizeRel|x64
		{5AA103F2-A024-357A-9806-BD28809130EC}.RelWithDebInfo|x64.ActiveCfg = RelWithDebInfo|x64
		{708EBF3F-2A06-37F9-9790-C33D8906CCCC}.Debug|x64.ActiveCfg = Debug|x64
		{708EBF3F-2A06-37F9-9790-C33D8906CCCC}.Debug|x64.Build.0 = Debug|x64
		{708EBF3F-2A06-37F9-9790-C33D8906CCCC}.Release|x64.ActiveCfg = Release|x64
		{708EBF3F-2A06-37F9-9790-C33D8906CCCC}.Release|x64.Build.0 = Release|x64
		{708EBF3F-2A06-37F9-9790-C33D8906CCCC}.MinSizeRel|x64.ActiveCfg = MinSizeRel|x64
		{708EBF3F-2A06-37F9-9790-C33D8906CCCC}.MinSizeRel|x64.Build.0 = MinSizeRel|x64
		{708EBF3F-2A06-37F9-9790-C33D8906CCCC}.RelWithDebInfo|x64.ActiveCfg = RelWithDebInfo|x64
		{708EBF3F-2A06-37F9-9790-C33D8906CCCC}.RelWithDebInfo|x64.Build.0 = RelWithDebInfo|x64
		{6B41B8A4-0001-34D7-864C-DA38F30E6636}.Debug|x64.ActiveCfg = Debug|x64
		{6B41B8A4-0001-34D7-864C-DA38F30E6636}.Debug|x64.Build.0 = Debug|x64
		{6B41B8A4-0001-34D7-864C-DA38F30E6636}.Release|x64.ActiveCfg = Release|x64
		{6B41B8A4-0001-34D7-864C-DA38F30E6636}.Release|x64.Build.0 = Release|x64
		{6B41B8A4-0001-34D7-864C-DA38F30E6636}.MinSizeRel|x64.ActiveCfg = MinSizeRel|x64
		{6B41B8A4-0001-34D7-864C-DA38F30E6636}.MinSizeRel|x64.Build.0 = MinSizeRel|x64
		{6B41B8A4-0001-34D7-864C-DA38F30E6636}.RelWithDebInfo|x64.ActiveCfg = RelWithDebInfo|x64
		{6B41B8A4-0001-34D7-864C-DA38F30E6636}.RelWithDebInfo|x64.Build.0 = RelWithDebInfo|x64
		{C70AD590-C4CA-33B5-8BC0-6547B294421A}.Debug|x64.ActiveCfg = Debug|x64
		{C70AD590-C4CA-33B5-8BC0-6547B294421A}.Debug|x64.Build.0 = Debug|x64
		{C70AD590-C4CA-33B5-8BC0-6547B294421A}.Release|x64.ActiveCfg = Release|x64
		{C70AD590-C4CA-33B5-8BC0-6547B294421A}.Release|x64.Build.0 = Release|x64
		{C70AD590-C4CA-33B5-8BC0-6547B294421A}.MinSizeRel|x64.ActiveCfg = MinSizeRel|x64
		{C70AD590-C4CA-33B5-8BC0-6547B294421A}.MinSizeRel|x64.Build.0 = MinSizeRel|x64
		{C70AD590-C4CA-33B5-8BC0-6547B294421A}.RelWithDebInfo|x64.ActiveCfg = RelWithDebInfo|x64
		{C70AD590-C4CA-33B5-8BC0-6547B294421A}.RelWithDebInfo|x64.Build.0 = RelWithDebInfo|x64
	EndGlobalSection
	GlobalSection(ExtensibilityGlobals) = postSolution
		SolutionGuid = {AFFD44AD-65D0-321C-A85C-E321506F52D1}
	EndGlobalSection
	GlobalSection(ExtensibilityAddIns) = postSolution
	EndGlobalSection
EndGlobal
