<?xml version="1.0" encoding="utf-8"?>
<Project ToolsVersion="16.0" xmlns="http://schemas.microsoft.com/developer/msbuild/2003">
  <ItemGroup>
    <CustomBuild Include="C:\Users\franc\Documents\VulkanProjects\vkWarp_build\CMakeFiles\a0b932a9f198b4e7a24f6a544f818580\generate.stamp.rule">
      <Filter>CMake Rules</Filter>
    </CustomBuild>
  </ItemGroup>
  <ItemGroup>
    <Filter Include="CMake Rules">
      <UniqueIdentifier>{990CE712-582E-3449-AEC3-0CD1242A5376}</UniqueIdentifier>
    </Filter>
  </ItemGroup>
</Project>
